
Microsoft Visual Studio Solution File, Format Version 12.00
# Visual Studio Version 16
VisualStudioVersion = 16.0.30503.244
MinimumVisualStudioVersion = 10.0.40219.1
Project("{FAE04EC0-301F-11D3-BF4B-00C04F79EFBC}") = "SeverMineralsCommon", "SeverMineralsCommon\SeverMineralsCommon.csproj", "{7F2F96FA-D2BF-42CA-8B28-F71535F26549}"
EndProject
Global
	GlobalSection(SolutionConfigurationPlatforms) = preSolution
		Debug|Any CPU = Debug|Any CPU
		Release|Any CPU = Release|Any CPU
	EndGlobalSection
	GlobalSection(ProjectConfigurationPlatforms) = postSolution
		{7F2F96FA-D2BF-42CA-8B28-F71535F26549}.Debug|Any CPU.ActiveCfg = Debug|Any CPU
		{7F2F96FA-D2BF-42CA-8B28-F71535F26549}.Debug|Any CPU.Build.0 = Debug|Any CPU
		{7F2F96FA-D2BF-42CA-8B28-F71535F26549}.Release|Any CPU.ActiveCfg = Release|Any CPU
		{7F2F96FA-D2BF-42CA-8B28-F71535F26549}.Release|Any CPU.Build.0 = Release|Any CPU
	EndGlobalSection
	GlobalSection(SolutionProperties) = preSolution
		HideSolutionNode = FALSE
	EndGlobalSection
	GlobalSection(ExtensibilityGlobals) = postSolution
		SolutionGuid = {C920464F-B2A3-404C-B54B-996BE55AFBA9}
	EndGlobalSection
EndGlobal
